
Microsoft Visual Studio Solution File, Format Version 12.00
# Visual Studio Version 17
VisualStudioVersion = 17.9.34728.123
MinimumVisualStudioVersion = 10.0.40219.1
Project("{9A19103F-16F7-4668-BE54-9A1E7A4F7556}") = "Todo", "Todo.csproj", "{DB64E515-1C7C-4101-BA43-554363E708E4}"
EndProject
Global
	GlobalSection(SolutionConfigurationPlatforms) = preSolution
		Debug|Any CPU = Debug|Any CPU
		Release|Any CPU = Release|Any CPU
	EndGlobalSection
	GlobalSection(ProjectConfigurationPlatforms) = postSolution
		{DB64E515-1C7C-4101-BA43-554363E708E4}.Debug|Any CPU.ActiveCfg = Debug|Any CPU
		{DB64E515-1C7C-4101-BA43-554363E708E4}.Debug|Any CPU.Build.0 = Debug|Any CPU
		{DB64E515-1C7C-4101-BA43-554363E708E4}.Release|Any CPU.ActiveCfg = Release|Any CPU
		{DB64E515-1C7C-4101-BA43-554363E708E4}.Release|Any CPU.Build.0 = Release|Any CPU
	EndGlobalSection
	GlobalSection(SolutionProperties) = preSolution
		HideSolutionNode = FALSE
	EndGlobalSection
	GlobalSection(ExtensibilityGlobals) = postSolution
		SolutionGuid = {33D682D1-50AE-4D7D-9A45-286ACF3156CF}
	EndGlobalSection
EndGlobal
